# This file is autogenerated, do not edit; changes may be undone by the next 'dep ensure'.


[[projects]]
  digest = "1:1267f4f6ae5eb40852b61059826c6fa5d27786bdc4dc021efedb9327e77bde40"
  name = "github.com/aws/aws-sdk-go"
  packages = [
    "aws",
    "aws/awserr",
    "aws/awsutil",
    "aws/credentials",
    "internal/endpoints",
    "internal/protocol/query",
    "internal/protocol/query/queryutil",
    "internal/protocol/rest",
    "internal/protocol/xml/xmlutil",
    "internal/signer/v4",
    "service/cloudwatch",
  ]
  pruneopts = "UT"
  revision = "ab85612d91c52e8f560e57d9ebdcf9682eaa24c7"

[[projects]]
  branch = "master"
  digest = "1:287fa02ab00f8edb8645612efb9d44031abaa27b5877e38cc862fec4f9e60da5"
  name = "github.com/launchdarkly/go-metrics"
  packages = ["."]
  pruneopts = "UT"
  revision = "83825343d76ff3dfb9e18f8be516065fc57e39bb"

[[projects]]
  branch = "master"
  digest = "1:8f70510b21fd07eba5bd4e0f84d49d932ea74c8b0ea20a5807e9492cc819928c"
  name = "github.com/vaughan0/go-ini"
  packages = ["."]
  pruneopts = "UT"
  revision = "a98ad7ee00ec53921f08832bc06ecf7fd600e6a1"

[solve-meta]
  analyzer-name = "dep"
  analyzer-version = 1
  input-imports = [
    "github.com/aws/aws-sdk-go/aws",
    "github.com/aws/aws-sdk-go/service/cloudwatch",
    "github.com/launchdarkly/go-metrics",
  ]
  solver-name = "gps-cdcl"
  solver-version = 1
